// !$*UTF8*$!
{
	archiveVersion = 1;
	classes = {
	};
	objectVersion = 50;
	objects = {

/* Begin PBXBuildFile section */
		0090EA64DF3278AE81F7E9F1 /* Pods_WUNews_Final_ProjectUITests.framework in Frameworks */ = {isa = PBXBuildFile; fileRef = 33D84F08791B18F4AA7AE0AC /* Pods_WUNews_Final_ProjectUITests.framework */; };
		C92565FE6BCAFC295905845A /* Pods_WUNews_Final_Project.framework in Frameworks */ = {isa = PBXBuildFile; fileRef = 70EE1B8CE146D5C64881F8AC /* Pods_WUNews_Final_Project.framework */; };
		E115D1D22198CDA400FD2B29 /* SearchViewController.swift in Sources */ = {isa = PBXBuildFile; fileRef = E115D1D12198CDA400FD2B29 /* SearchViewController.swift */; };
		E115D1D42198CDE500FD2B29 /* ProfileViewController.swift in Sources */ = {isa = PBXBuildFile; fileRef = E115D1D32198CDE500FD2B29 /* ProfileViewController.swift */; };
		E17F82A92196822400F4725F /* AppDelegate.swift in Sources */ = {isa = PBXBuildFile; fileRef = E17F82A82196822400F4725F /* AppDelegate.swift */; };
		E17F82AE2196822400F4725F /* Main.storyboard in Resources */ = {isa = PBXBuildFile; fileRef = E17F82AC2196822400F4725F /* Main.storyboard */; };
		E17F82B02196822600F4725F /* Assets.xcassets in Resources */ = {isa = PBXBuildFile; fileRef = E17F82AF2196822600F4725F /* Assets.xcassets */; };
		E17F82B32196822600F4725F /* LaunchScreen.storyboard in Resources */ = {isa = PBXBuildFile; fileRef = E17F82B12196822600F4725F /* LaunchScreen.storyboard */; };
		E17F82BE2196822600F4725F /* WUNews_Final_ProjectTests.swift in Sources */ = {isa = PBXBuildFile; fileRef = E17F82BD2196822600F4725F /* WUNews_Final_ProjectTests.swift */; };
		E17F82C92196822600F4725F /* WUNews_Final_ProjectUITests.swift in Sources */ = {isa = PBXBuildFile; fileRef = E17F82C82196822600F4725F /* WUNews_Final_ProjectUITests.swift */; };
		E18714E9219780B800AF3405 /* GoogleService-Info.plist in Resources */ = {isa = PBXBuildFile; fileRef = E18714E8219780B800AF3405 /* GoogleService-Info.plist */; };
		E18714EA219780B800AF3405 /* GoogleService-Info.plist in Resources */ = {isa = PBXBuildFile; fileRef = E18714E8219780B800AF3405 /* GoogleService-Info.plist */; };
		E18714EB219780B800AF3405 /* GoogleService-Info.plist in Resources */ = {isa = PBXBuildFile; fileRef = E18714E8219780B800AF3405 /* GoogleService-Info.plist */; };
		E19382AF2197954300B992B0 /* SignUpViewController.swift in Sources */ = {isa = PBXBuildFile; fileRef = E19382AE2197954300B992B0 /* SignUpViewController.swift */; };
		E19A7C2B219794EF00C5287F /* SignInViewController.swift in Sources */ = {isa = PBXBuildFile; fileRef = E19A7C2A219794EF00C5287F /* SignInViewController.swift */; };
		E1CEF62F2198103D006D9D9C /* NewsViewController.swift in Sources */ = {isa = PBXBuildFile; fileRef = E1CEF62E2198103D006D9D9C /* NewsViewController.swift */; };
		F1E02EAF81D1E49C0A66EBBC /* Pods_WUNews_Final_ProjectTests.framework in Frameworks */ = {isa = PBXBuildFile; fileRef = D3FE77E985EDA9B47D31D18F /* Pods_WUNews_Final_ProjectTests.framework */; };
/* End PBXBuildFile section */

/* Begin PBXContainerItemProxy section */
		E17F82BA2196822600F4725F /* PBXContainerItemProxy */ = {
			isa = PBXContainerItemProxy;
			containerPortal = E17F829D2196822400F4725F /* Project object */;
			proxyType = 1;
			remoteGlobalIDString = E17F82A42196822400F4725F;
			remoteInfo = WUNews_Final_Project;
		};
		E17F82C52196822600F4725F /* PBXContainerItemProxy */ = {
			isa = PBXContainerItemProxy;
			containerPortal = E17F829D2196822400F4725F /* Project object */;
			proxyType = 1;
			remoteGlobalIDString = E17F82A42196822400F4725F;
			remoteInfo = WUNews_Final_Project;
		};
/* End PBXContainerItemProxy section */

/* Begin PBXFileReference section */
		33D84F08791B18F4AA7AE0AC /* Pods_WUNews_Final_ProjectUITests.framework */ = {isa = PBXFileReference; explicitFileType = wrapper.framework; includeInIndex = 0; path = Pods_WUNews_Final_ProjectUITests.framework; sourceTree = BUILT_PRODUCTS_DIR; };
		391193B2EB7B7F9DD3CD1401 /* Pods-WUNews_Final_Project.debug.xcconfig */ = {isa = PBXFileReference; includeInIndex = 1; lastKnownFileType = text.xcconfig; name = "Pods-WUNews_Final_Project.debug.xcconfig"; path = "Pods/Target Support Files/Pods-WUNews_Final_Project/Pods-WUNews_Final_Project.debug.xcconfig"; sourceTree = "<group>"; };
		48B1D1670A797941A6B1B1F6 /* Pods-WUNews_Final_ProjectUITests.debug.xcconfig */ = {isa = PBXFileReference; includeInIndex = 1; lastKnownFileType = text.xcconfig; name = "Pods-WUNews_Final_ProjectUITests.debug.xcconfig"; path = "Pods/Target Support Files/Pods-WUNews_Final_ProjectUITests/Pods-WUNews_Final_ProjectUITests.debug.xcconfig"; sourceTree = "<group>"; };
		5D318DAB7BA0154E8286FF55 /* Pods-WUNews_Final_Project.release.xcconfig */ = {isa = PBXFileReference; includeInIndex = 1; lastKnownFileType = text.xcconfig; name = "Pods-WUNews_Final_Project.release.xcconfig"; path = "Pods/Target Support Files/Pods-WUNews_Final_Project/Pods-WUNews_Final_Project.release.xcconfig"; sourceTree = "<group>"; };
		70EE1B8CE146D5C64881F8AC /* Pods_WUNews_Final_Project.framework */ = {isa = PBXFileReference; explicitFileType = wrapper.framework; includeInIndex = 0; path = Pods_WUNews_Final_Project.framework; sourceTree = BUILT_PRODUCTS_DIR; };
		94CAC0E8E7F632D7CA866C9D /* Pods-WUNews_Final_ProjectTests.debug.xcconfig */ = {isa = PBXFileReference; includeInIndex = 1; lastKnownFileType = text.xcconfig; name = "Pods-WUNews_Final_ProjectTests.debug.xcconfig"; path = "Pods/Target Support Files/Pods-WUNews_Final_ProjectTests/Pods-WUNews_Final_ProjectTests.debug.xcconfig"; sourceTree = "<group>"; };
		969273DF77B141BA8DC77105 /* Pods-WUNews_Final_ProjectTests.release.xcconfig */ = {isa = PBXFileReference; includeInIndex = 1; lastKnownFileType = text.xcconfig; name = "Pods-WUNews_Final_ProjectTests.release.xcconfig"; path = "Pods/Target Support Files/Pods-WUNews_Final_ProjectTests/Pods-WUNews_Final_ProjectTests.release.xcconfig"; sourceTree = "<group>"; };
		BAC9FFEAF4FDEE69A44DF260 /* Pods-WUNews_Final_ProjectUITests.release.xcconfig */ = {isa = PBXFileReference; includeInIndex = 1; lastKnownFileType = text.xcconfig; name = "Pods-WUNews_Final_ProjectUITests.release.xcconfig"; path = "Pods/Target Support Files/Pods-WUNews_Final_ProjectUITests/Pods-WUNews_Final_ProjectUITests.release.xcconfig"; sourceTree = "<group>"; };
		D3FE77E985EDA9B47D31D18F /* Pods_WUNews_Final_ProjectTests.framework */ = {isa = PBXFileReference; explicitFileType = wrapper.framework; includeInIndex = 0; path = Pods_WUNews_Final_ProjectTests.framework; sourceTree = BUILT_PRODUCTS_DIR; };
		E115D1D12198CDA400FD2B29 /* SearchViewController.swift */ = {isa = PBXFileReference; lastKnownFileType = sourcecode.swift; path = SearchViewController.swift; sourceTree = "<group>"; };
		E115D1D32198CDE500FD2B29 /* ProfileViewController.swift */ = {isa = PBXFileReference; lastKnownFileType = sourcecode.swift; path = ProfileViewController.swift; sourceTree = "<group>"; };
		E17F82A52196822400F4725F /* WUNews_Final_Project.app */ = {isa = PBXFileReference; explicitFileType = wrapper.application; includeInIndex = 0; path = WUNews_Final_Project.app; sourceTree = BUILT_PRODUCTS_DIR; };
		E17F82A82196822400F4725F /* AppDelegate.swift */ = {isa = PBXFileReference; lastKnownFileType = sourcecode.swift; path = AppDelegate.swift; sourceTree = "<group>"; };
		E17F82AD2196822400F4725F /* Base */ = {isa = PBXFileReference; lastKnownFileType = file.storyboard; name = Base; path = Base.lproj/Main.storyboard; sourceTree = "<group>"; };
		E17F82AF2196822600F4725F /* Assets.xcassets */ = {isa = PBXFileReference; lastKnownFileType = folder.assetcatalog; path = Assets.xcassets; sourceTree = "<group>"; };
		E17F82B22196822600F4725F /* Base */ = {isa = PBXFileReference; lastKnownFileType = file.storyboard; name = Base; path = Base.lproj/LaunchScreen.storyboard; sourceTree = "<group>"; };
		E17F82B42196822600F4725F /* Info.plist */ = {isa = PBXFileReference; lastKnownFileType = text.plist.xml; path = Info.plist; sourceTree = "<group>"; };
		E17F82B92196822600F4725F /* WUNews_Final_ProjectTests.xctest */ = {isa = PBXFileReference; explicitFileType = wrapper.cfbundle; includeInIndex = 0; path = WUNews_Final_ProjectTests.xctest; sourceTree = BUILT_PRODUCTS_DIR; };
		E17F82BD2196822600F4725F /* WUNews_Final_ProjectTests.swift */ = {isa = PBXFileReference; lastKnownFileType = sourcecode.swift; path = WUNews_Final_ProjectTests.swift; sourceTree = "<group>"; };
		E17F82BF2196822600F4725F /* Info.plist */ = {isa = PBXFileReference; lastKnownFileType = text.plist.xml; path = Info.plist; sourceTree = "<group>"; };
		E17F82C42196822600F4725F /* WUNews_Final_ProjectUITests.xctest */ = {isa = PBXFileReference; explicitFileType = wrapper.cfbundle; includeInIndex = 0; path = WUNews_Final_ProjectUITests.xctest; sourceTree = BUILT_PRODUCTS_DIR; };
		E17F82C82196822600F4725F /* WUNews_Final_ProjectUITests.swift */ = {isa = PBXFileReference; lastKnownFileType = sourcecode.swift; path = WUNews_Final_ProjectUITests.swift; sourceTree = "<group>"; };
		E17F82CA2196822600F4725F /* Info.plist */ = {isa = PBXFileReference; lastKnownFileType = text.plist.xml; path = Info.plist; sourceTree = "<group>"; };
		E18714E8219780B800AF3405 /* GoogleService-Info.plist */ = {isa = PBXFileReference; fileEncoding = 4; lastKnownFileType = text.plist.xml; path = "GoogleService-Info.plist"; sourceTree = "<group>"; };
		E19382AE2197954300B992B0 /* SignUpViewController.swift */ = {isa = PBXFileReference; lastKnownFileType = sourcecode.swift; path = SignUpViewController.swift; sourceTree = "<group>"; };
		E19A7C2A219794EF00C5287F /* SignInViewController.swift */ = {isa = PBXFileReference; fileEncoding = 4; lastKnownFileType = sourcecode.swift; path = SignInViewController.swift; sourceTree = "<group>"; };
		E1CEF62E2198103D006D9D9C /* NewsViewController.swift */ = {isa = PBXFileReference; lastKnownFileType = sourcecode.swift; path = NewsViewController.swift; sourceTree = "<group>"; };
/* End PBXFileReference section */

/* Begin PBXFrameworksBuildPhase section */
		E17F82A22196822400F4725F /* Frameworks */ = {
			isa = PBXFrameworksBuildPhase;
			buildActionMask = 2147483647;
			files = (
				C92565FE6BCAFC295905845A /* Pods_WUNews_Final_Project.framework in Frameworks */,
			);
			runOnlyForDeploymentPostprocessing = 0;
		};
		E17F82B62196822600F4725F /* Frameworks */ = {
			isa = PBXFrameworksBuildPhase;
			buildActionMask = 2147483647;
			files = (
				F1E02EAF81D1E49C0A66EBBC /* Pods_WUNews_Final_ProjectTests.framework in Frameworks */,
			);
			runOnlyForDeploymentPostprocessing = 0;
		};
		E17F82C12196822600F4725F /* Frameworks */ = {
			isa = PBXFrameworksBuildPhase;
			buildActionMask = 2147483647;
			files = (
				0090EA64DF3278AE81F7E9F1 /* Pods_WUNews_Final_ProjectUITests.framework in Frameworks */,
			);
			runOnlyForDeploymentPostprocessing = 0;
		};
/* End PBXFrameworksBuildPhase section */

/* Begin PBXGroup section */
		22945A3F4530C893BC1F26D5 /* Pods */ = {
			isa = PBXGroup;
			children = (
				391193B2EB7B7F9DD3CD1401 /* Pods-WUNews_Final_Project.debug.xcconfig */,
				5D318DAB7BA0154E8286FF55 /* Pods-WUNews_Final_Project.release.xcconfig */,
				94CAC0E8E7F632D7CA866C9D /* Pods-WUNews_Final_ProjectTests.debug.xcconfig */,
				969273DF77B141BA8DC77105 /* Pods-WUNews_Final_ProjectTests.release.xcconfig */,
				48B1D1670A797941A6B1B1F6 /* Pods-WUNews_Final_ProjectUITests.debug.xcconfig */,
				BAC9FFEAF4FDEE69A44DF260 /* Pods-WUNews_Final_ProjectUITests.release.xcconfig */,
			);
			name = Pods;
			sourceTree = "<group>";
		};
		6A812AC3D43FA5C09B6BAA55 /* Frameworks */ = {
			isa = PBXGroup;
			children = (
				70EE1B8CE146D5C64881F8AC /* Pods_WUNews_Final_Project.framework */,
				D3FE77E985EDA9B47D31D18F /* Pods_WUNews_Final_ProjectTests.framework */,
				33D84F08791B18F4AA7AE0AC /* Pods_WUNews_Final_ProjectUITests.framework */,
			);
			name = Frameworks;
			sourceTree = "<group>";
		};
		E17F829C2196822400F4725F = {
			isa = PBXGroup;
			children = (
				E17F82A72196822400F4725F /* WUNews_Final_Project */,
				E17F82BC2196822600F4725F /* WUNews_Final_ProjectTests */,
				E17F82C72196822600F4725F /* WUNews_Final_ProjectUITests */,
				E17F82A62196822400F4725F /* Products */,
				22945A3F4530C893BC1F26D5 /* Pods */,
				6A812AC3D43FA5C09B6BAA55 /* Frameworks */,
			);
			sourceTree = "<group>";
		};
		E17F82A62196822400F4725F /* Products */ = {
			isa = PBXGroup;
			children = (
				E17F82A52196822400F4725F /* WUNews_Final_Project.app */,
				E17F82B92196822600F4725F /* WUNews_Final_ProjectTests.xctest */,
				E17F82C42196822600F4725F /* WUNews_Final_ProjectUITests.xctest */,
			);
			name = Products;
			sourceTree = "<group>";
		};
		E17F82A72196822400F4725F /* WUNews_Final_Project */ = {
			isa = PBXGroup;
			children = (
				E17F82A82196822400F4725F /* AppDelegate.swift */,
				E18714E8219780B800AF3405 /* GoogleService-Info.plist */,
				E19A7C2A219794EF00C5287F /* SignInViewController.swift */,
				E19382AE2197954300B992B0 /* SignUpViewController.swift */,
				E17F82AC2196822400F4725F /* Main.storyboard */,
				E115D1D32198CDE500FD2B29 /* ProfileViewController.swift */,
				E115D1D12198CDA400FD2B29 /* SearchViewController.swift */,
				E1CEF62E2198103D006D9D9C /* NewsViewController.swift */,
				E17F82AF2196822600F4725F /* Assets.xcassets */,
				E17F82B12196822600F4725F /* LaunchScreen.storyboard */,
				E17F82B42196822600F4725F /* Info.plist */,
			);
			path = WUNews_Final_Project;
			sourceTree = "<group>";
		};
		E17F82BC2196822600F4725F /* WUNews_Final_ProjectTests */ = {
			isa = PBXGroup;
			children = (
				E17F82BD2196822600F4725F /* WUNews_Final_ProjectTests.swift */,
				E17F82BF2196822600F4725F /* Info.plist */,
			);
			path = WUNews_Final_ProjectTests;
			sourceTree = "<group>";
		};
		E17F82C72196822600F4725F /* WUNews_Final_ProjectUITests */ = {
			isa = PBXGroup;
			children = (
				E17F82C82196822600F4725F /* WUNews_Final_ProjectUITests.swift */,
				E17F82CA2196822600F4725F /* Info.plist */,
			);
			path = WUNews_Final_ProjectUITests;
			sourceTree = "<group>";
		};
/* End PBXGroup section */

/* Begin PBXNativeTarget section */
		E17F82A42196822400F4725F /* WUNews_Final_Project */ = {
			isa = PBXNativeTarget;
			buildConfigurationList = E17F82CD2196822600F4725F /* Build configuration list for PBXNativeTarget "WUNews_Final_Project" */;
			buildPhases = (
				DECB09D929DF7878C93D0740 /* [CP] Check Pods Manifest.lock */,
				E17F82A12196822400F4725F /* Sources */,
				E17F82A22196822400F4725F /* Frameworks */,
				E17F82A32196822400F4725F /* Resources */,
				AC51B630CC489DA2DEFF4F1A /* [CP] Embed Pods Frameworks */,
				2E763818EB3AC2FF3C75E5CA /* [CP] Copy Pods Resources */,
			);
			buildRules = (
			);
			dependencies = (
			);
			name = WUNews_Final_Project;
			productName = WUNews_Final_Project;
			productReference = E17F82A52196822400F4725F /* WUNews_Final_Project.app */;
			productType = "com.apple.product-type.application";
		};
		E17F82B82196822600F4725F /* WUNews_Final_ProjectTests */ = {
			isa = PBXNativeTarget;
			buildConfigurationList = E17F82D02196822600F4725F /* Build configuration list for PBXNativeTarget "WUNews_Final_ProjectTests" */;
			buildPhases = (
				742EC2048FAFD12D69D7A4CC /* [CP] Check Pods Manifest.lock */,
				E17F82B52196822600F4725F /* Sources */,
				E17F82B62196822600F4725F /* Frameworks */,
				E17F82B72196822600F4725F /* Resources */,
			);
			buildRules = (
			);
			dependencies = (
				E17F82BB2196822600F4725F /* PBXTargetDependency */,
			);
			name = WUNews_Final_ProjectTests;
			productName = WUNews_Final_ProjectTests;
			productReference = E17F82B92196822600F4725F /* WUNews_Final_ProjectTests.xctest */;
			productType = "com.apple.product-type.bundle.unit-test";
		};
		E17F82C32196822600F4725F /* WUNews_Final_ProjectUITests */ = {
			isa = PBXNativeTarget;
			buildConfigurationList = E17F82D32196822600F4725F /* Build configuration list for PBXNativeTarget "WUNews_Final_ProjectUITests" */;
			buildPhases = (
				74C47D4A7B59A660E10D077B /* [CP] Check Pods Manifest.lock */,
				E17F82C02196822600F4725F /* Sources */,
				E17F82C12196822600F4725F /* Frameworks */,
				E17F82C22196822600F4725F /* Resources */,
			);
			buildRules = (
			);
			dependencies = (
				E17F82C62196822600F4725F /* PBXTargetDependency */,
			);
			name = WUNews_Final_ProjectUITests;
			productName = WUNews_Final_ProjectUITests;
			productReference = E17F82C42196822600F4725F /* WUNews_Final_ProjectUITests.xctest */;
			productType = "com.apple.product-type.bundle.ui-testing";
		};
/* End PBXNativeTarget section */

/* Begin PBXProject section */
		E17F829D2196822400F4725F /* Project object */ = {
			isa = PBXProject;
			attributes = {
				LastSwiftUpdateCheck = 0940;
				LastUpgradeCheck = 0940;
				ORGANIZATIONNAME = "Robert Vitali";
				TargetAttributes = {
					E17F82A42196822400F4725F = {
						CreatedOnToolsVersion = 9.4.1;
					};
					E17F82B82196822600F4725F = {
						CreatedOnToolsVersion = 9.4.1;
						TestTargetID = E17F82A42196822400F4725F;
					};
					E17F82C32196822600F4725F = {
						CreatedOnToolsVersion = 9.4.1;
						TestTargetID = E17F82A42196822400F4725F;
					};
				};
			};
			buildConfigurationList = E17F82A02196822400F4725F /* Build configuration list for PBXProject "WUNews_Final_Project" */;
			compatibilityVersion = "Xcode 9.3";
			developmentRegion = en;
			hasScannedForEncodings = 0;
			knownRegions = (
				en,
				Base,
			);
			mainGroup = E17F829C2196822400F4725F;
			productRefGroup = E17F82A62196822400F4725F /* Products */;
			projectDirPath = "";
			projectRoot = "";
			targets = (
				E17F82A42196822400F4725F /* WUNews_Final_Project */,
				E17F82B82196822600F4725F /* WUNews_Final_ProjectTests */,
				E17F82C32196822600F4725F /* WUNews_Final_ProjectUITests */,
			);
		};
/* End PBXProject section */

/* Begin PBXResourcesBuildPhase section */
		E17F82A32196822400F4725F /* Resources */ = {
			isa = PBXResourcesBuildPhase;
			buildActionMask = 2147483647;
			files = (
				E17F82B32196822600F4725F /* LaunchScreen.storyboard in Resources */,
				E18714E9219780B800AF3405 /* GoogleService-Info.plist in Resources */,
				E17F82B02196822600F4725F /* Assets.xcassets in Resources */,
				E17F82AE2196822400F4725F /* Main.storyboard in Resources */,
			);
			runOnlyForDeploymentPostprocessing = 0;
		};
		E17F82B72196822600F4725F /* Resources */ = {
			isa = PBXResourcesBuildPhase;
			buildActionMask = 2147483647;
			files = (
				E18714EA219780B800AF3405 /* GoogleService-Info.plist in Resources */,
			);
			runOnlyForDeploymentPostprocessing = 0;
		};
		E17F82C22196822600F4725F /* Resources */ = {
			isa = PBXResourcesBuildPhase;
			buildActionMask = 2147483647;
			files = (
				E18714EB219780B800AF3405 /* GoogleService-Info.plist in Resources */,
			);
			runOnlyForDeploymentPostprocessing = 0;
		};
/* End PBXResourcesBuildPhase section */

/* Begin PBXShellScriptBuildPhase section */
		2E763818EB3AC2FF3C75E5CA /* [CP] Copy Pods Resources */ = {
			isa = PBXShellScriptBuildPhase;
			buildActionMask = 2147483647;
			files = (
			);
			inputPaths = (
				"${SRCROOT}/Pods/Target Support Files/Pods-WUNews_Final_Project/Pods-WUNews_Final_Project-resources.sh",
				"${PODS_CONFIGURATION_BUILD_DIR}/FirebaseUI/FirebaseAuthUI.bundle",
			);
			name = "[CP] Copy Pods Resources";
			outputPaths = (
				"${TARGET_BUILD_DIR}/${UNLOCALIZED_RESOURCES_FOLDER_PATH}/FirebaseAuthUI.bundle",
			);
			runOnlyForDeploymentPostprocessing = 0;
			shellPath = /bin/sh;
			shellScript = "\"${SRCROOT}/Pods/Target Support Files/Pods-WUNews_Final_Project/Pods-WUNews_Final_Project-resources.sh\"\n";
			showEnvVarsInLog = 0;
		};
		742EC2048FAFD12D69D7A4CC /* [CP] Check Pods Manifest.lock */ = {
			isa = PBXShellScriptBuildPhase;
			buildActionMask = 2147483647;
			files = (
			);
			inputPaths = (
				"${PODS_PODFILE_DIR_PATH}/Podfile.lock",
				"${PODS_ROOT}/Manifest.lock",
			);
			name = "[CP] Check Pods Manifest.lock";
			outputPaths = (
				"$(DERIVED_FILE_DIR)/Pods-WUNews_Final_ProjectTests-checkManifestLockResult.txt",
			);
			runOnlyForDeploymentPostprocessing = 0;
			shellPath = /bin/sh;
			shellScript = "diff \"${PODS_PODFILE_DIR_PATH}/Podfile.lock\" \"${PODS_ROOT}/Manifest.lock\" > /dev/null\nif [ $? != 0 ] ; then\n    # print error to STDERR\n    echo \"error: The sandbox is not in sync with the Podfile.lock. Run 'pod install' or update your CocoaPods installation.\" >&2\n    exit 1\nfi\n# This output is used by Xcode 'outputs' to avoid re-running this script phase.\necho \"SUCCESS\" > \"${SCRIPT_OUTPUT_FILE_0}\"\n";
			showEnvVarsInLog = 0;
		};
		74C47D4A7B59A660E10D077B /* [CP] Check Pods Manifest.lock */ = {
			isa = PBXShellScriptBuildPhase;
			buildActionMask = 2147483647;
			files = (
			);
			inputPaths = (
				"${PODS_PODFILE_DIR_PATH}/Podfile.lock",
				"${PODS_ROOT}/Manifest.lock",
			);
			name = "[CP] Check Pods Manifest.lock";
			outputPaths = (
				"$(DERIVED_FILE_DIR)/Pods-WUNews_Final_ProjectUITests-checkManifestLockResult.txt",
			);
			runOnlyForDeploymentPostprocessing = 0;
			shellPath = /bin/sh;
			shellScript = "diff \"${PODS_PODFILE_DIR_PATH}/Podfile.lock\" \"${PODS_ROOT}/Manifest.lock\" > /dev/null\nif [ $? != 0 ] ; then\n    # print error to STDERR\n    echo \"error: The sandbox is not in sync with the Podfile.lock. Run 'pod install' or update your CocoaPods installation.\" >&2\n    exit 1\nfi\n# This output is used by Xcode 'outputs' to avoid re-running this script phase.\necho \"SUCCESS\" > \"${SCRIPT_OUTPUT_FILE_0}\"\n";
			showEnvVarsInLog = 0;
		};
		AC51B630CC489DA2DEFF4F1A /* [CP] Embed Pods Frameworks */ = {
			isa = PBXShellScriptBuildPhase;
			buildActionMask = 2147483647;
			files = (
			);
			inputPaths = (
				"${SRCROOT}/Pods/Target Support Files/Pods-WUNews_Final_Project/Pods-WUNews_Final_Project-frameworks.sh",
				"${BUILT_PRODUCTS_DIR}/GTMSessionFetcher/GTMSessionFetcher.framework",
				"${BUILT_PRODUCTS_DIR}/GoogleUtilities/GoogleUtilities.framework",
				"${BUILT_PRODUCTS_DIR}/nanopb/nanopb.framework",
			);
			name = "[CP] Embed Pods Frameworks";
			outputPaths = (
				"${TARGET_BUILD_DIR}/${FRAMEWORKS_FOLDER_PATH}/GTMSessionFetcher.framework",
				"${TARGET_BUILD_DIR}/${FRAMEWORKS_FOLDER_PATH}/GoogleUtilities.framework",
				"${TARGET_BUILD_DIR}/${FRAMEWORKS_FOLDER_PATH}/nanopb.framework",
			);
			runOnlyForDeploymentPostprocessing = 0;
			shellPath = /bin/sh;
			shellScript = "\"${SRCROOT}/Pods/Target Support Files/Pods-WUNews_Final_Project/Pods-WUNews_Final_Project-frameworks.sh\"\n";
			showEnvVarsInLog = 0;
		};
		DECB09D929DF7878C93D0740 /* [CP] Check Pods Manifest.lock */ = {
			isa = PBXShellScriptBuildPhase;
			buildActionMask = 2147483647;
			files = (
			);
			inputPaths = (
				"${PODS_PODFILE_DIR_PATH}/Podfile.lock",
				"${PODS_ROOT}/Manifest.lock",
			);
			name = "[CP] Check Pods Manifest.lock";
			outputPaths = (
				"$(DERIVED_FILE_DIR)/Pods-WUNews_Final_Project-checkManifestLockResult.txt",
			);
			runOnlyForDeploymentPostprocessing = 0;
			shellPath = /bin/sh;
			shellScript = "diff \"${PODS_PODFILE_DIR_PATH}/Podfile.lock\" \"${PODS_ROOT}/Manifest.lock\" > /dev/null\nif [ $? != 0 ] ; then\n    # print error to STDERR\n    echo \"error: The sandbox is not in sync with the Podfile.lock. Run 'pod install' or update your CocoaPods installation.\" >&2\n    exit 1\nfi\n# This output is used by Xcode 'outputs' to avoid re-running this script phase.\necho \"SUCCESS\" > \"${SCRIPT_OUTPUT_FILE_0}\"\n";
			showEnvVarsInLog = 0;
		};
/* End PBXShellScriptBuildPhase section */

/* Begin PBXSourcesBuildPhase section */
		E17F82A12196822400F4725F /* Sources */ = {
			isa = PBXSourcesBuildPhase;
			buildActionMask = 2147483647;
			files = (
				E115D1D42198CDE500FD2B29 /* ProfileViewController.swift in Sources */,
				E115D1D22198CDA400FD2B29 /* SearchViewController.swift in Sources */,
				E19382AF2197954300B992B0 /* SignUpViewController.swift in Sources */,
				E19A7C2B219794EF00C5287F /* SignInViewController.swift in Sources */,
				E17F82A92196822400F4725F /* AppDelegate.swift in Sources */,
				E1CEF62F2198103D006D9D9C /* NewsViewController.swift in Sources */,
			);
			runOnlyForDeploymentPostprocessing = 0;
		};
		E17F82B52196822600F4725F /* Sources */ = {
			isa = PBXSourcesBuildPhase;
			buildActionMask = 2147483647;
			files = (
				E17F82BE2196822600F4725F /* WUNews_Final_ProjectTests.swift in Sources */,
			);
			runOnlyForDeploymentPostprocessing = 0;
		};
		E17F82C02196822600F4725F /* Sources */ = {
			isa = PBXSourcesBuildPhase;
			buildActionMask = 2147483647;
			files = (
				E17F82C92196822600F4725F /* WUNews_Final_ProjectUITests.swift in Sources */,
			);
			runOnlyForDeploymentPostprocessing = 0;
		};
/* End PBXSourcesBuildPhase section */

/* Begin PBXTargetDependency section */
		E17F82BB2196822600F4725F /* PBXTargetDependency */ = {
			isa = PBXTargetDependency;
			target = E17F82A42196822400F4725F /* WUNews_Final_Project */;
			targetProxy = E17F82BA2196822600F4725F /* PBXContainerItemProxy */;
		};
		E17F82C62196822600F4725F /* PBXTargetDependency */ = {
			isa = PBXTargetDependency;
			target = E17F82A42196822400F4725F /* WUNews_Final_Project */;
			targetProxy = E17F82C52196822600F4725F /* PBXContainerItemProxy */;
		};
/* End PBXTargetDependency section */

/* Begin PBXVariantGroup section */
		E17F82AC2196822400F4725F /* Main.storyboard */ = {
			isa = PBXVariantGroup;
			children = (
				E17F82AD2196822400F4725F /* Base */,
			);
			name = Main.storyboard;
			sourceTree = "<group>";
		};
		E17F82B12196822600F4725F /* LaunchScreen.storyboard */ = {
			isa = PBXVariantGroup;
			children = (
				E17F82B22196822600F4725F /* Base */,
			);
			name = LaunchScreen.storyboard;
			sourceTree = "<group>";
		};
/* End PBXVariantGroup section */

/* Begin XCBuildConfiguration section */
		E17F82CB2196822600F4725F /* Debug */ = {
			isa = XCBuildConfiguration;
			buildSettings = {
				ALWAYS_SEARCH_USER_PATHS = NO;
				CLANG_ANALYZER_NONNULL = YES;
				CLANG_ANALYZER_NUMBER_OBJECT_CONVERSION = YES_AGGRESSIVE;
				CLANG_CXX_LANGUAGE_STANDARD = "gnu++14";
				CLANG_CXX_LIBRARY = "libc++";
				CLANG_ENABLE_MODULES = YES;
				CLANG_ENABLE_OBJC_ARC = YES;
				CLANG_ENABLE_OBJC_WEAK = YES;
				CLANG_WARN_BLOCK_CAPTURE_AUTORELEASING = YES;
				CLANG_WARN_BOOL_CONVERSION = YES;
				CLANG_WARN_COMMA = YES;
				CLANG_WARN_CONSTANT_CONVERSION = YES;
				CLANG_WARN_DEPRECATED_OBJC_IMPLEMENTATIONS = YES;
				CLANG_WARN_DIRECT_OBJC_ISA_USAGE = YES_ERROR;
				CLANG_WARN_DOCUMENTATION_COMMENTS = YES;
				CLANG_WARN_EMPTY_BODY = YES;
				CLANG_WARN_ENUM_CONVERSION = YES;
				CLANG_WARN_INFINITE_RECURSION = YES;
				CLANG_WARN_INT_CONVERSION = YES;
				CLANG_WARN_NON_LITERAL_NULL_CONVERSION = YES;
				CLANG_WARN_OBJC_IMPLICIT_RETAIN_SELF = YES;
				CLANG_WARN_OBJC_LITERAL_CONVERSION = YES;
				CLANG_WARN_OBJC_ROOT_CLASS = YES_ERROR;
				CLANG_WARN_RANGE_LOOP_ANALYSIS = YES;
				CLANG_WARN_STRICT_PROTOTYPES = YES;
				CLANG_WARN_SUSPICIOUS_MOVE = YES;
				CLANG_WARN_UNGUARDED_AVAILABILITY = YES_AGGRESSIVE;
				CLANG_WARN_UNREACHABLE_CODE = YES;
				CLANG_WARN__DUPLICATE_METHOD_MATCH = YES;
				CODE_SIGN_IDENTITY = "iPhone Developer";
				COPY_PHASE_STRIP = NO;
				DEBUG_INFORMATION_FORMAT = dwarf;
				ENABLE_STRICT_OBJC_MSGSEND = YES;
				ENABLE_TESTABILITY = YES;
				GCC_C_LANGUAGE_STANDARD = gnu11;
				GCC_DYNAMIC_NO_PIC = NO;
				GCC_NO_COMMON_BLOCKS = YES;
				GCC_OPTIMIZATION_LEVEL = 0;
				GCC_PREPROCESSOR_DEFINITIONS = (
					"DEBUG=1",
					"$(inherited)",
				);
				GCC_WARN_64_TO_32_BIT_CONVERSION = YES;
				GCC_WARN_ABOUT_RETURN_TYPE = YES_ERROR;
				GCC_WARN_UNDECLARED_SELECTOR = YES;
				GCC_WARN_UNINITIALIZED_AUTOS = YES_AGGRESSIVE;
				GCC_WARN_UNUSED_FUNCTION = YES;
				GCC_WARN_UNUSED_VARIABLE = YES;
				IPHONEOS_DEPLOYMENT_TARGET = 11.4;
				MTL_ENABLE_DEBUG_INFO = YES;
				ONLY_ACTIVE_ARCH = YES;
				SDKROOT = iphoneos;
				SWIFT_ACTIVE_COMPILATION_CONDITIONS = DEBUG;
				SWIFT_OPTIMIZATION_LEVEL = "-Onone";
			};
			name = Debug;
		};
		E17F82CC2196822600F4725F /* Release */ = {
			isa = XCBuildConfiguration;
			buildSettings = {
				ALWAYS_SEARCH_USER_PATHS = NO;
				CLANG_ANALYZER_NONNULL = YES;
				CLANG_ANALYZER_NUMBER_OBJECT_CONVERSION = YES_AGGRESSIVE;
				CLANG_CXX_LANGUAGE_STANDARD = "gnu++14";
				CLANG_CXX_LIBRARY = "libc++";
				CLANG_ENABLE_MODULES = YES;
				CLANG_ENABLE_OBJC_ARC = YES;
				CLANG_ENABLE_OBJC_WEAK = YES;
				CLANG_WARN_BLOCK_CAPTURE_AUTORELEASING = YES;
				CLANG_WARN_BOOL_CONVERSION = YES;
				CLANG_WARN_COMMA = YES;
				CLANG_WARN_CONSTANT_CONVERSION = YES;
				CLANG_WARN_DEPRECATED_OBJC_IMPLEMENTATIONS = YES;
				CLANG_WARN_DIRECT_OBJC_ISA_USAGE = YES_ERROR;
				CLANG_WARN_DOCUMENTATION_COMMENTS = YES;
				CLANG_WARN_EMPTY_BODY = YES;
				CLANG_WARN_ENUM_CONVERSION = YES;
				CLANG_WARN_INFINITE_RECURSION = YES;
				CLANG_WARN_INT_CONVERSION = YES;
				CLANG_WARN_NON_LITERAL_NULL_CONVERSION = YES;
				CLANG_WARN_OBJC_IMPLICIT_RETAIN_SELF = YES;
				CLANG_WARN_OBJC_LITERAL_CONVERSION = YES;
				CLANG_WARN_OBJC_ROOT_CLASS = YES_ERROR;
				CLANG_WARN_RANGE_LOOP_ANALYSIS = YES;
				CLANG_WARN_STRICT_PROTOTYPES = YES;
				CLANG_WARN_SUSPICIOUS_MOVE = YES;
				CLANG_WARN_UNGUARDED_AVAILABILITY = YES_AGGRESSIVE;
				CLANG_WARN_UNREACHABLE_CODE = YES;
				CLANG_WARN__DUPLICATE_METHOD_MATCH = YES;
				CODE_SIGN_IDENTITY = "iPhone Developer";
				COPY_PHASE_STRIP = NO;
				DEBUG_INFORMATION_FORMAT = "dwarf-with-dsym";
				ENABLE_NS_ASSERTIONS = NO;
				ENABLE_STRICT_OBJC_MSGSEND = YES;
				GCC_C_LANGUAGE_STANDARD = gnu11;
				GCC_NO_COMMON_BLOCKS = YES;
				GCC_WARN_64_TO_32_BIT_CONVERSION = YES;
				GCC_WARN_ABOUT_RETURN_TYPE = YES_ERROR;
				GCC_WARN_UNDECLARED_SELECTOR = YES;
				GCC_WARN_UNINITIALIZED_AUTOS = YES_AGGRESSIVE;
				GCC_WARN_UNUSED_FUNCTION = YES;
				GCC_WARN_UNUSED_VARIABLE = YES;
				IPHONEOS_DEPLOYMENT_TARGET = 11.4;
				MTL_ENABLE_DEBUG_INFO = NO;
				SDKROOT = iphoneos;
				SWIFT_COMPILATION_MODE = wholemodule;
				SWIFT_OPTIMIZATION_LEVEL = "-O";
				VALIDATE_PRODUCT = YES;
			};
			name = Release;
		};
		E17F82CE2196822600F4725F /* Debug */ = {
			isa = XCBuildConfiguration;
			baseConfigurationReference = 391193B2EB7B7F9DD3CD1401 /* Pods-WUNews_Final_Project.debug.xcconfig */;
			buildSettings = {
				ASSETCATALOG_COMPILER_APPICON_NAME = AppIcon;
				CODE_SIGN_STYLE = Automatic;
				DEVELOPMENT_TEAM = BN52VZV7C2;
				INFOPLIST_FILE = WUNews_Final_Project/Info.plist;
				LD_RUNPATH_SEARCH_PATHS = (
					"$(inherited)",
					"@executable_path/Frameworks",
				);
				PRODUCT_BUNDLE_IDENTIFIER = "rdvitali.WUNews-Final-Project";
				PRODUCT_NAME = "$(TARGET_NAME)";
				SWIFT_VERSION = 4.0;
				TARGETED_DEVICE_FAMILY = "1,2";
			};
			name = Debug;
		};
		E17F82CF2196822600F4725F /* Release */ = {
			isa = XCBuildConfiguration;
			baseConfigurationReference = 5D318DAB7BA0154E8286FF55 /* Pods-WUNews_Final_Project.release.xcconfig */;
			buildSettings = {
				ASSETCATALOG_COMPILER_APPICON_NAME = AppIcon;
				CODE_SIGN_STYLE = Automatic;
				DEVELOPMENT_TEAM = BN52VZV7C2;
				INFOPLIST_FILE = WUNews_Final_Project/Info.plist;
				LD_RUNPATH_SEARCH_PATHS = (
					"$(inherited)",
					"@executable_path/Frameworks",
				);
				PRODUCT_BUNDLE_IDENTIFIER = "rdvitali.WUNews-Final-Project";
				PRODUCT_NAME = "$(TARGET_NAME)";
				SWIFT_VERSION = 4.0;
				TARGETED_DEVICE_FAMILY = "1,2";
			};
			name = Release;
		};
		E17F82D12196822600F4725F /* Debug */ = {
			isa = XCBuildConfiguration;
			baseConfigurationReference = 94CAC0E8E7F632D7CA866C9D /* Pods-WUNews_Final_ProjectTests.debug.xcconfig */;
			buildSettings = {
				ALWAYS_EMBED_SWIFT_STANDARD_LIBRARIES = YES;
				BUNDLE_LOADER = "$(TEST_HOST)";
				CODE_SIGN_STYLE = Automatic;
				DEVELOPMENT_TEAM = BN52VZV7C2;
				INFOPLIST_FILE = WUNews_Final_ProjectTests/Info.plist;
				LD_RUNPATH_SEARCH_PATHS = (
					"$(inherited)",
					"@executable_path/Frameworks",
					"@loader_path/Frameworks",
				);
				PRODUCT_BUNDLE_IDENTIFIER = "rdvitali.WUNews-Final-ProjectTests";
				PRODUCT_NAME = "$(TARGET_NAME)";
				SWIFT_VERSION = 4.0;
				TARGETED_DEVICE_FAMILY = "1,2";
				TEST_HOST = "$(BUILT_PRODUCTS_DIR)/WUNews_Final_Project.app/WUNews_Final_Project";
			};
			name = Debug;
		};
		E17F82D22196822600F4725F /* Release */ = {
			isa = XCBuildConfiguration;
			baseConfigurationReference = 969273DF77B141BA8DC77105 /* Pods-WUNews_Final_ProjectTests.release.xcconfig */;
			buildSettings = {
				ALWAYS_EMBED_SWIFT_STANDARD_LIBRARIES = YES;
				BUNDLE_LOADER = "$(TEST_HOST)";
				CODE_SIGN_STYLE = Automatic;
				DEVELOPMENT_TEAM = BN52VZV7C2;
				INFOPLIST_FILE = WUNews_Final_ProjectTests/Info.plist;
				LD_RUNPATH_SEARCH_PATHS = (
					"$(inherited)",
					"@executable_path/Frameworks",
					"@loader_path/Frameworks",
				);
				PRODUCT_BUNDLE_IDENTIFIER = "rdvitali.WUNews-Final-ProjectTests";
				PRODUCT_NAME = "$(TARGET_NAME)";
				SWIFT_VERSION = 4.0;
				TARGETED_DEVICE_FAMILY = "1,2";
				TEST_HOST = "$(BUILT_PRODUCTS_DIR)/WUNews_Final_Project.app/WUNews_Final_Project";
			};
			name = Release;
		};
		E17F82D42196822600F4725F /* Debug */ = {
			isa = XCBuildConfiguration;
			baseConfigurationReference = 48B1D1670A797941A6B1B1F6 /* Pods-WUNews_Final_ProjectUITests.debug.xcconfig */;
			buildSettings = {
				ALWAYS_EMBED_SWIFT_STANDARD_LIBRARIES = YES;
				CODE_SIGN_STYLE = Automatic;
				DEVELOPMENT_TEAM = BN52VZV7C2;
				INFOPLIST_FILE = WUNews_Final_ProjectUITests/Info.plist;
				LD_RUNPATH_SEARCH_PATHS = (
					"$(inherited)",
					"@executable_path/Frameworks",
					"@loader_path/Frameworks",
				);
				PRODUCT_BUNDLE_IDENTIFIER = "rdvitali.WUNews-Final-ProjectUITests";
				PRODUCT_NAME = "$(TARGET_NAME)";
				SWIFT_VERSION = 4.0;
				TARGETED_DEVICE_FAMILY = "1,2";
				TEST_TARGET_NAME = WUNews_Final_Project;
			};
			name = Debug;
		};
		E17F82D52196822600F4725F /* Release */ = {
			isa = XCBuildConfiguration;
			baseConfigurationReference = BAC9FFEAF4FDEE69A44DF260 /* Pods-WUNews_Final_ProjectUITests.release.xcconfig */;
			buildSettings = {
				ALWAYS_EMBED_SWIFT_STANDARD_LIBRARIES = YES;
				CODE_SIGN_STYLE = Automatic;
				DEVELOPMENT_TEAM = BN52VZV7C2;
				INFOPLIST_FILE = WUNews_Final_ProjectUITests/Info.plist;
				LD_RUNPATH_SEARCH_PATHS = (
					"$(inherited)",
					"@executable_path/Frameworks",
					"@loader_path/Frameworks",
				);
				PRODUCT_BUNDLE_IDENTIFIER = "rdvitali.WUNews-Final-ProjectUITests";
				PRODUCT_NAME = "$(TARGET_NAME)";
				SWIFT_VERSION = 4.0;
				TARGETED_DEVICE_FAMILY = "1,2";
				TEST_TARGET_NAME = WUNews_Final_Project;
			};
			name = Release;
		};
/* End XCBuildConfiguration section */

/* Begin XCConfigurationList section */
		E17F82A02196822400F4725F /* Build configuration list for PBXProject "WUNews_Final_Project" */ = {
			isa = XCConfigurationList;
			buildConfigurations = (
				E17F82CB2196822600F4725F /* Debug */,
				E17F82CC2196822600F4725F /* Release */,
			);
			defaultConfigurationIsVisible = 0;
			defaultConfigurationName = Release;
		};
		E17F82CD2196822600F4725F /* Build configuration list for PBXNativeTarget "WUNews_Final_Project" */ = {
			isa = XCConfigurationList;
			buildConfigurations = (
				E17F82CE2196822600F4725F /* Debug */,
				E17F82CF2196822600F4725F /* Release */,
			);
			defaultConfigurationIsVisible = 0;
			defaultConfigurationName = Release;
		};
		E17F82D02196822600F4725F /* Build configuration list for PBXNativeTarget "WUNews_Final_ProjectTests" */ = {
			isa = XCConfigurationList;
			buildConfigurations = (
				E17F82D12196822600F4725F /* Debug */,
				E17F82D22196822600F4725F /* Release */,
			);
			defaultConfigurationIsVisible = 0;
			defaultConfigurationName = Release;
		};
		E17F82D32196822600F4725F /* Build configuration list for PBXNativeTarget "WUNews_Final_ProjectUITests" */ = {
			isa = XCConfigurationList;
			buildConfigurations = (
				E17F82D42196822600F4725F /* Debug */,
				E17F82D52196822600F4725F /* Release */,
			);
			defaultConfigurationIsVisible = 0;
			defaultConfigurationName = Release;
		};
/* End XCConfigurationList section */
	};
	rootObject = E17F829D2196822400F4725F /* Project object */;
}
